
Microsoft Visual Studio Solution File, Format Version 12.00
# Visual Studio 15
VisualStudioVersion = 15.0.26730.16
MinimumVisualStudioVersion = 10.0.40219.1
Project("{FAE04EC0-301F-11D3-BF4B-00C04F79EFBC}") = "TemplateBenchmark", "TemplateBenchmark\TemplateBenchmark.csproj", "{C1AD614C-6BB6-4D0A-A73B-D2713897E92B}"
EndProject
Global
	GlobalSection(SolutionConfigurationPlatforms) = preSolution
		Debug|Any CPU = Debug|Any CPU
		Release|Any CPU = Release|Any CPU
	EndGlobalSection
	GlobalSection(ProjectConfigurationPlatforms) = postSolution
		{C1AD614C-6BB6-4D0A-A73B-D2713897E92B}.Debug|Any CPU.ActiveCfg = Debug|Any CPU
		{C1AD614C-6BB6-4D0A-A73B-D2713897E92B}.Debug|Any CPU.Build.0 = Debug|Any CPU
		{C1AD614C-6BB6-4D0A-A73B-D2713897E92B}.Release|Any CPU.ActiveCfg = Release|Any CPU
		{C1AD614C-6BB6-4D0A-A73B-D2713897E92B}.Release|Any CPU.Build.0 = Release|Any CPU
	EndGlobalSection
	GlobalSection(SolutionProperties) = preSolution
		HideSolutionNode = FALSE
	EndGlobalSection
	GlobalSection(ExtensibilityGlobals) = postSolution
		SolutionGuid = {E89F9C0F-7377-4BC0-B91E-C501B9CF17E2}
	EndGlobalSection
EndGlobal
